
Microsoft Visual Studio Solution File, Format Version 12.00
# Visual Studio Version 16
VisualStudioVersion = 16.0.30523.141
MinimumVisualStudioVersion = 10.0.40219.1
Project("{9A19103F-16F7-4668-BE54-9A1E7A4F7556}") = "ShadowOS", "ShadowOS\ShadowOS.csproj", "{EAC9CEDD-A733-43EE-AD11-7FBC91B144BB}"
EndProject
Global
	GlobalSection(SolutionConfigurationPlatforms) = preSolution
		Debug|Any CPU = Debug|Any CPU
		Release|Any CPU = Release|Any CPU
	EndGlobalSection
	GlobalSection(ProjectConfigurationPlatforms) = postSolution
		{EAC9CEDD-A733-43EE-AD11-7FBC91B144BB}.Debug|Any CPU.ActiveCfg = Debug|Any CPU
		{EAC9CEDD-A733-43EE-AD11-7FBC91B144BB}.Debug|Any CPU.Build.0 = Debug|Any CPU
		{EAC9CEDD-A733-43EE-AD11-7FBC91B144BB}.Release|Any CPU.ActiveCfg = Release|Any CPU
		{EAC9CEDD-A733-43EE-AD11-7FBC91B144BB}.Release|Any CPU.Build.0 = Release|Any CPU
	EndGlobalSection
	GlobalSection(SolutionProperties) = preSolution
		HideSolutionNode = FALSE
	EndGlobalSection
	GlobalSection(ExtensibilityGlobals) = postSolution
		SolutionGuid = {B20CBE92-7558-443F-B6E3-A22EE20A07D9}
	EndGlobalSection
EndGlobal
